
Microsoft Visual Studio Solution File, Format Version 12.00
# Visual Studio 14
VisualStudioVersion = 14.0.25420.1
MinimumVisualStudioVersion = 10.0.40219.1
Project("{8BC9CEB8-8B4A-11D0-8D11-00A0C91BC942}") = "marketmaker", "marketmaker.vcxproj", "{F304B1A6-5134-4906-81C5-0EDF7A421265}"
EndProject
Project("{8BC9CEB8-8B4A-11D0-8D11-00A0C91BC942}") = "pthread_lib", "..\..\..\external\pthread-win32\pthread_lib.2015.vcxproj", "{A063DFAD-6995-4E1A-AFFF-E43DC11E95B1}"
EndProject
Project("{8BC9CEB8-8B4A-11D0-8D11-00A0C91BC942}") = "nng", "..\..\..\external\cpp-nanomsg-ng\build_msvc_2015_win64\src\nng.vcxproj", "{E08C4586-C2C7-3E9C-9C93-609A64B5492C}"
EndProject
Project("{8BC9CEB8-8B4A-11D0-8D11-00A0C91BC942}") = "devcore", "..\..\..\external\cpp-ethereum\build_msvc_2015_win64\libdevcore\devcore.vcxproj", "{32756084-2C97-364E-8FE5-4F4FEF53CB97}"
EndProject
Project("{8BC9CEB8-8B4A-11D0-8D11-00A0C91BC942}") = "ethcore", "..\..\..\external\cpp-ethereum\build_msvc_2015_win64\libethcore\ethcore.vcxproj", "{03C9B453-57C6-3398-A559-D6357278C7DF}"
EndProject
Project("{8BC9CEB8-8B4A-11D0-8D11-00A0C91BC942}") = "scrypt", "..\..\..\external\cpp-ethereum\build_msvc_2015_win64\utils\libscrypt\scrypt.vcxproj", "{F217C8EA-1EF8-38C5-9DFD-D5A95A9DC649}"
EndProject
Project("{8BC9CEB8-8B4A-11D0-8D11-00A0C91BC942}") = "cryptlib", "..\..\..\external\cryptopp\cryptlib.vcxproj", "{C39F4B46-6E89-4074-902E-CA57073044D2}"
EndProject
Project("{8BC9CEB8-8B4A-11D0-8D11-00A0C91BC942}") = "devcrypto", "..\..\..\external\cpp-ethereum\build_msvc_2015_win64\libdevcrypto\devcrypto.vcxproj", "{25856D58-9DE7-3C00-9A23-3B19DE571863}"
EndProject
Project("{8BC9CEB8-8B4A-11D0-8D11-00A0C91BC942}") = "secp256k1", "..\..\..\external\cpp-ethereum\build_msvc_2015_win64\deps\src\secp256k1-build\secp256k1.vcxproj", "{A7578CF8-4702-37F3-B03A-401C87D0F7F6}"
EndProject
Global
	GlobalSection(SolutionConfigurationPlatforms) = preSolution
		Debug|x64 = Debug|x64
		Debug|x86 = Debug|x86
		Debug2|x64 = Debug2|x64
		Debug2|x86 = Debug2|x86
		DLL-Import Debug|x64 = DLL-Import Debug|x64
		DLL-Import Debug|x86 = DLL-Import Debug|x86
		DLL-Import Release|x64 = DLL-Import Release|x64
		DLL-Import Release|x86 = DLL-Import Release|x86
		MinSizeRel|x64 = MinSizeRel|x64
		MinSizeRel|x86 = MinSizeRel|x86
		Release|x64 = Release|x64
		Release|x86 = Release|x86
		RelWithDebInfo|x64 = RelWithDebInfo|x64
		RelWithDebInfo|x86 = RelWithDebInfo|x86
	EndGlobalSection
	GlobalSection(ProjectConfigurationPlatforms) = postSolution
		{F304B1A6-5134-4906-81C5-0EDF7A421265}.Debug|x64.ActiveCfg = Debug|x64
		{F304B1A6-5134-4906-81C5-0EDF7A421265}.Debug|x64.Build.0 = Debug|x64
		{F304B1A6-5134-4906-81C5-0EDF7A421265}.Debug|x86.ActiveCfg = Debug|x64
		{F304B1A6-5134-4906-81C5-0EDF7A421265}.Debug2|x64.ActiveCfg = Debug|x64
		{F304B1A6-5134-4906-81C5-0EDF7A421265}.Debug2|x64.Build.0 = Debug|x64
		{F304B1A6-5134-4906-81C5-0EDF7A421265}.Debug2|x86.ActiveCfg = Release|x64
		{F304B1A6-5134-4906-81C5-0EDF7A421265}.Debug2|x86.Build.0 = Release|x64
		{F304B1A6-5134-4906-81C5-0EDF7A421265}.DLL-Import Debug|x64.ActiveCfg = Debug|x64
		{F304B1A6-5134-4906-81C5-0EDF7A421265}.DLL-Import Debug|x64.Build.0 = Debug|x64
		{F304B1A6-5134-4906-81C5-0EDF7A421265}.DLL-Import Debug|x86.ActiveCfg = Release|x64
		{F304B1A6-5134-4906-81C5-0EDF7A421265}.DLL-Import Debug|x86.Build.0 = Release|x64
		{F304B1A6-5134-4906-81C5-0EDF7A421265}.DLL-Import Release|x64.ActiveCfg = Release|x64
		{F304B1A6-5134-4906-81C5-0EDF7A421265}.DLL-Import Release|x64.Build.0 = Release|x64
		{F304B1A6-5134-4906-81C5-0EDF7A421265}.DLL-Import Release|x86.ActiveCfg = Release|x64
		{F304B1A6-5134-4906-81C5-0EDF7A421265}.DLL-Import Release|x86.Build.0 = Release|x64
		{F304B1A6-5134-4906-81C5-0EDF7A421265}.MinSizeRel|x64.ActiveCfg = Release|x64
		{F304B1A6-5134-4906-81C5-0EDF7A421265}.MinSizeRel|x64.Build.0 = Release|x64
		{F304B1A6-5134-4906-81C5-0EDF7A421265}.MinSizeRel|x86.ActiveCfg = Release|x64
		{F304B1A6-5134-4906-81C5-0EDF7A421265}.MinSizeRel|x86.Build.0 = Release|x64
		{F304B1A6-5134-4906-81C5-0EDF7A421265}.Release|x64.ActiveCfg = Release|x64
		{F304B1A6-5134-4906-81C5-0EDF7A421265}.Release|x64.Build.0 = Release|x64
		{F304B1A6-5134-4906-81C5-0EDF7A421265}.Release|x86.ActiveCfg = Release|x64
		{F304B1A6-5134-4906-81C5-0EDF7A421265}.RelWithDebInfo|x64.ActiveCfg = Release|x64
		{F304B1A6-5134-4906-81C5-0EDF7A421265}.RelWithDebInfo|x64.Build.0 = Release|x64
		{F304B1A6-5134-4906-81C5-0EDF7A421265}.RelWithDebInfo|x86.ActiveCfg = Release|x64
		{F304B1A6-5134-4906-81C5-0EDF7A421265}.RelWithDebInfo|x86.Build.0 = Release|x64
		{A063DFAD-6995-4E1A-AFFF-E43DC11E95B1}.Debug|x64.ActiveCfg = Debug|x64
		{A063DFAD-6995-4E1A-AFFF-E43DC11E95B1}.Debug|x64.Build.0 = Debug|x64
		{A063DFAD-6995-4E1A-AFFF-E43DC11E95B1}.Debug|x86.ActiveCfg = Debug|x64
		{A063DFAD-6995-4E1A-AFFF-E43DC11E95B1}.Debug2|x64.ActiveCfg = Debug|x64
		{A063DFAD-6995-4E1A-AFFF-E43DC11E95B1}.Debug2|x64.Build.0 = Debug|x64
		{A063DFAD-6995-4E1A-AFFF-E43DC11E95B1}.Debug2|x86.ActiveCfg = Release|x64
		{A063DFAD-6995-4E1A-AFFF-E43DC11E95B1}.Debug2|x86.Build.0 = Release|x64
		{A063DFAD-6995-4E1A-AFFF-E43DC11E95B1}.DLL-Import Debug|x64.ActiveCfg = Debug|x64
		{A063DFAD-6995-4E1A-AFFF-E43DC11E95B1}.DLL-Import Debug|x64.Build.0 = Debug|x64
		{A063DFAD-6995-4E1A-AFFF-E43DC11E95B1}.DLL-Import Debug|x86.ActiveCfg = Release|x64
		{A063DFAD-6995-4E1A-AFFF-E43DC11E95B1}.DLL-Import Debug|x86.Build.0 = Release|x64
		{A063DFAD-6995-4E1A-AFFF-E43DC11E95B1}.DLL-Import Release|x64.ActiveCfg = Release|x64
		{A063DFAD-6995-4E1A-AFFF-E43DC11E95B1}.DLL-Import Release|x64.Build.0 = Release|x64
		{A063DFAD-6995-4E1A-AFFF-E43DC11E95B1}.DLL-Import Release|x86.ActiveCfg = Release|x64
		{A063DFAD-6995-4E1A-AFFF-E43DC11E95B1}.DLL-Import Release|x86.Build.0 = Release|x64
		{A063DFAD-6995-4E1A-AFFF-E43DC11E95B1}.MinSizeRel|x64.ActiveCfg = Release|x64
		{A063DFAD-6995-4E1A-AFFF-E43DC11E95B1}.MinSizeRel|x64.Build.0 = Release|x64
		{A063DFAD-6995-4E1A-AFFF-E43DC11E95B1}.MinSizeRel|x86.ActiveCfg = Release|x64
		{A063DFAD-6995-4E1A-AFFF-E43DC11E95B1}.MinSizeRel|x86.Build.0 = Release|x64
		{A063DFAD-6995-4E1A-AFFF-E43DC11E95B1}.Release|x64.ActiveCfg = Release|x64
		{A063DFAD-6995-4E1A-AFFF-E43DC11E95B1}.Release|x64.Build.0 = Release|x64
		{A063DFAD-6995-4E1A-AFFF-E43DC11E95B1}.Release|x86.ActiveCfg = Release|x64
		{A063DFAD-6995-4E1A-AFFF-E43DC11E95B1}.RelWithDebInfo|x64.ActiveCfg = Release|x64
		{A063DFAD-6995-4E1A-AFFF-E43DC11E95B1}.RelWithDebInfo|x64.Build.0 = Release|x64
		{A063DFAD-6995-4E1A-AFFF-E43DC11E95B1}.RelWithDebInfo|x86.ActiveCfg = Release|x64
		{A063DFAD-6995-4E1A-AFFF-E43DC11E95B1}.RelWithDebInfo|x86.Build.0 = Release|x64
		{E08C4586-C2C7-3E9C-9C93-609A64B5492C}.Debug|x64.ActiveCfg = Debug|x64
		{E08C4586-C2C7-3E9C-9C93-609A64B5492C}.Debug|x64.Build.0 = Debug|x64
		{E08C4586-C2C7-3E9C-9C93-609A64B5492C}.Debug|x86.ActiveCfg = Debug|x64
		{E08C4586-C2C7-3E9C-9C93-609A64B5492C}.Debug2|x64.ActiveCfg = Debug|x64
		{E08C4586-C2C7-3E9C-9C93-609A64B5492C}.Debug2|x64.Build.0 = Debug|x64
		{E08C4586-C2C7-3E9C-9C93-609A64B5492C}.Debug2|x86.ActiveCfg = Release|x64
		{E08C4586-C2C7-3E9C-9C93-609A64B5492C}.Debug2|x86.Build.0 = Release|x64
		{E08C4586-C2C7-3E9C-9C93-609A64B5492C}.DLL-Import Debug|x64.ActiveCfg = Debug|x64
		{E08C4586-C2C7-3E9C-9C93-609A64B5492C}.DLL-Import Debug|x64.Build.0 = Debug|x64
		{E08C4586-C2C7-3E9C-9C93-609A64B5492C}.DLL-Import Debug|x86.ActiveCfg = Release|x64
		{E08C4586-C2C7-3E9C-9C93-609A64B5492C}.DLL-Import Debug|x86.Build.0 = Release|x64
		{E08C4586-C2C7-3E9C-9C93-609A64B5492C}.DLL-Import Release|x64.ActiveCfg = Release|x64
		{E08C4586-C2C7-3E9C-9C93-609A64B5492C}.DLL-Import Release|x64.Build.0 = Release|x64
		{E08C4586-C2C7-3E9C-9C93-609A64B5492C}.DLL-Import Release|x86.ActiveCfg = Release|x64
		{E08C4586-C2C7-3E9C-9C93-609A64B5492C}.DLL-Import Release|x86.Build.0 = Release|x64
		{E08C4586-C2C7-3E9C-9C93-609A64B5492C}.MinSizeRel|x64.ActiveCfg = Release|x64
		{E08C4586-C2C7-3E9C-9C93-609A64B5492C}.MinSizeRel|x64.Build.0 = Release|x64
		{E08C4586-C2C7-3E9C-9C93-609A64B5492C}.MinSizeRel|x86.ActiveCfg = Release|x64
		{E08C4586-C2C7-3E9C-9C93-609A64B5492C}.MinSizeRel|x86.Build.0 = Release|x64
		{E08C4586-C2C7-3E9C-9C93-609A64B5492C}.Release|x64.ActiveCfg = Release|x64
		{E08C4586-C2C7-3E9C-9C93-609A64B5492C}.Release|x64.Build.0 = Release|x64
		{E08C4586-C2C7-3E9C-9C93-609A64B5492C}.Release|x86.ActiveCfg = Release|x64
		{E08C4586-C2C7-3E9C-9C93-609A64B5492C}.RelWithDebInfo|x64.ActiveCfg = Release|x64
		{E08C4586-C2C7-3E9C-9C93-609A64B5492C}.RelWithDebInfo|x64.Build.0 = Release|x64
		{E08C4586-C2C7-3E9C-9C93-609A64B5492C}.RelWithDebInfo|x86.ActiveCfg = Release|x64
		{E08C4586-C2C7-3E9C-9C93-609A64B5492C}.RelWithDebInfo|x86.Build.0 = Release|x64
		{32756084-2C97-364E-8FE5-4F4FEF53CB97}.Debug|x64.ActiveCfg = Debug|x64
		{32756084-2C97-364E-8FE5-4F4FEF53CB97}.Debug|x64.Build.0 = Debug|x64
		{32756084-2C97-364E-8FE5-4F4FEF53CB97}.Debug|x86.ActiveCfg = Debug|x64
		{32756084-2C97-364E-8FE5-4F4FEF53CB97}.Debug2|x64.ActiveCfg = Debug|x64
		{32756084-2C97-364E-8FE5-4F4FEF53CB97}.Debug2|x64.Build.0 = Debug|x64
		{32756084-2C97-364E-8FE5-4F4FEF53CB97}.Debug2|x86.ActiveCfg = Release|x64
		{32756084-2C97-364E-8FE5-4F4FEF53CB97}.Debug2|x86.Build.0 = Release|x64
		{32756084-2C97-364E-8FE5-4F4FEF53CB97}.DLL-Import Debug|x64.ActiveCfg = Debug|x64
		{32756084-2C97-364E-8FE5-4F4FEF53CB97}.DLL-Import Debug|x64.Build.0 = Debug|x64
		{32756084-2C97-364E-8FE5-4F4FEF53CB97}.DLL-Import Debug|x86.ActiveCfg = Release|x64
		{32756084-2C97-364E-8FE5-4F4FEF53CB97}.DLL-Import Debug|x86.Build.0 = Release|x64
		{32756084-2C97-364E-8FE5-4F4FEF53CB97}.DLL-Import Release|x64.ActiveCfg = Release|x64
		{32756084-2C97-364E-8FE5-4F4FEF53CB97}.DLL-Import Release|x64.Build.0 = Release|x64
		{32756084-2C97-364E-8FE5-4F4FEF53CB97}.DLL-Import Release|x86.ActiveCfg = Release|x64
		{32756084-2C97-364E-8FE5-4F4FEF53CB97}.DLL-Import Release|x86.Build.0 = Release|x64
		{32756084-2C97-364E-8FE5-4F4FEF53CB97}.MinSizeRel|x64.ActiveCfg = Release|x64
		{32756084-2C97-364E-8FE5-4F4FEF53CB97}.MinSizeRel|x64.Build.0 = Release|x64
		{32756084-2C97-364E-8FE5-4F4FEF53CB97}.MinSizeRel|x86.ActiveCfg = Release|x64
		{32756084-2C97-364E-8FE5-4F4FEF53CB97}.MinSizeRel|x86.Build.0 = Release|x64
		{32756084-2C97-364E-8FE5-4F4FEF53CB97}.Release|x64.ActiveCfg = Release|x64
		{32756084-2C97-364E-8FE5-4F4FEF53CB97}.Release|x64.Build.0 = Release|x64
		{32756084-2C97-364E-8FE5-4F4FEF53CB97}.Release|x86.ActiveCfg = Release|x64
		{32756084-2C97-364E-8FE5-4F4FEF53CB97}.RelWithDebInfo|x64.ActiveCfg = Release|x64
		{32756084-2C97-364E-8FE5-4F4FEF53CB97}.RelWithDebInfo|x64.Build.0 = Release|x64
		{32756084-2C97-364E-8FE5-4F4FEF53CB97}.RelWithDebInfo|x86.ActiveCfg = Release|x64
		{32756084-2C97-364E-8FE5-4F4FEF53CB97}.RelWithDebInfo|x86.Build.0 = Release|x64
		{03C9B453-57C6-3398-A559-D6357278C7DF}.Debug|x64.ActiveCfg = Debug|x64
		{03C9B453-57C6-3398-A559-D6357278C7DF}.Debug|x64.Build.0 = Debug|x64
		{03C9B453-57C6-3398-A559-D6357278C7DF}.Debug|x86.ActiveCfg = Debug|x64
		{03C9B453-57C6-3398-A559-D6357278C7DF}.Debug2|x64.ActiveCfg = Debug|x64
		{03C9B453-57C6-3398-A559-D6357278C7DF}.Debug2|x64.Build.0 = Debug|x64
		{03C9B453-57C6-3398-A559-D6357278C7DF}.Debug2|x86.ActiveCfg = Release|x64
		{03C9B453-57C6-3398-A559-D6357278C7DF}.Debug2|x86.Build.0 = Release|x64
		{03C9B453-57C6-3398-A559-D6357278C7DF}.DLL-Import Debug|x64.ActiveCfg = Debug|x64
		{03C9B453-57C6-3398-A559-D6357278C7DF}.DLL-Import Debug|x64.Build.0 = Debug|x64
		{03C9B453-57C6-3398-A559-D6357278C7DF}.DLL-Import Debug|x86.ActiveCfg = Release|x64
		{03C9B453-57C6-3398-A559-D6357278C7DF}.DLL-Import Debug|x86.Build.0 = Release|x64
		{03C9B453-57C6-3398-A559-D6357278C7DF}.DLL-Import Release|x64.ActiveCfg = Release|x64
		{03C9B453-57C6-3398-A559-D6357278C7DF}.DLL-Import Release|x64.Build.0 = Release|x64
		{03C9B453-57C6-3398-A559-D6357278C7DF}.DLL-Import Release|x86.ActiveCfg = Release|x64
		{03C9B453-57C6-3398-A559-D6357278C7DF}.DLL-Import Release|x86.Build.0 = Release|x64
		{03C9B453-57C6-3398-A559-D6357278C7DF}.MinSizeRel|x64.ActiveCfg = Release|x64
		{03C9B453-57C6-3398-A559-D6357278C7DF}.MinSizeRel|x64.Build.0 = Release|x64
		{03C9B453-57C6-3398-A559-D6357278C7DF}.MinSizeRel|x86.ActiveCfg = Release|x64
		{03C9B453-57C6-3398-A559-D6357278C7DF}.MinSizeRel|x86.Build.0 = Release|x64
		{03C9B453-57C6-3398-A559-D6357278C7DF}.Release|x64.ActiveCfg = Release|x64
		{03C9B453-57C6-3398-A559-D6357278C7DF}.Release|x64.Build.0 = Release|x64
		{03C9B453-57C6-3398-A559-D6357278C7DF}.Release|x86.ActiveCfg = Release|x64
		{03C9B453-57C6-3398-A559-D6357278C7DF}.RelWithDebInfo|x64.ActiveCfg = Release|x64
		{03C9B453-57C6-3398-A559-D6357278C7DF}.RelWithDebInfo|x64.Build.0 = Release|x64
		{03C9B453-57C6-3398-A559-D6357278C7DF}.RelWithDebInfo|x86.ActiveCfg = Release|x64
		{03C9B453-57C6-3398-A559-D6357278C7DF}.RelWithDebInfo|x86.Build.0 = Release|x64
		{F217C8EA-1EF8-38C5-9DFD-D5A95A9DC649}.Debug|x64.ActiveCfg = Debug|x64
		{F217C8EA-1EF8-38C5-9DFD-D5A95A9DC649}.Debug|x64.Build.0 = Debug|x64
		{F217C8EA-1EF8-38C5-9DFD-D5A95A9DC649}.Debug|x86.ActiveCfg = Debug|x64
		{F217C8EA-1EF8-38C5-9DFD-D5A95A9DC649}.Debug2|x64.ActiveCfg = Debug|x64
		{F217C8EA-1EF8-38C5-9DFD-D5A95A9DC649}.Debug2|x64.Build.0 = Debug|x64
		{F217C8EA-1EF8-38C5-9DFD-D5A95A9DC649}.Debug2|x86.ActiveCfg = Release|x64
		{F217C8EA-1EF8-38C5-9DFD-D5A95A9DC649}.Debug2|x86.Build.0 = Release|x64
		{F217C8EA-1EF8-38C5-9DFD-D5A95A9DC649}.DLL-Import Debug|x64.ActiveCfg = Debug|x64
		{F217C8EA-1EF8-38C5-9DFD-D5A95A9DC649}.DLL-Import Debug|x64.Build.0 = Debug|x64
		{F217C8EA-1EF8-38C5-9DFD-D5A95A9DC649}.DLL-Import Debug|x86.ActiveCfg = Release|x64
		{F217C8EA-1EF8-38C5-9DFD-D5A95A9DC649}.DLL-Import Debug|x86.Build.0 = Release|x64
		{F217C8EA-1EF8-38C5-9DFD-D5A95A9DC649}.DLL-Import Release|x64.ActiveCfg = Release|x64
		{F217C8EA-1EF8-38C5-9DFD-D5A95A9DC649}.DLL-Import Release|x64.Build.0 = Release|x64
		{F217C8EA-1EF8-38C5-9DFD-D5A95A9DC649}.DLL-Import Release|x86.ActiveCfg = Release|x64
		{F217C8EA-1EF8-38C5-9DFD-D5A95A9DC649}.DLL-Import Release|x86.Build.0 = Release|x64
		{F217C8EA-1EF8-38C5-9DFD-D5A95A9DC649}.MinSizeRel|x64.ActiveCfg = Release|x64
		{F217C8EA-1EF8-38C5-9DFD-D5A95A9DC649}.MinSizeRel|x64.Build.0 = Release|x64
		{F217C8EA-1EF8-38C5-9DFD-D5A95A9DC649}.MinSizeRel|x86.ActiveCfg = Release|x64
		{F217C8EA-1EF8-38C5-9DFD-D5A95A9DC649}.MinSizeRel|x86.Build.0 = Release|x64
		{F217C8EA-1EF8-38C5-9DFD-D5A95A9DC649}.Release|x64.ActiveCfg = Release|x64
		{F217C8EA-1EF8-38C5-9DFD-D5A95A9DC649}.Release|x64.Build.0 = Release|x64
		{F217C8EA-1EF8-38C5-9DFD-D5A95A9DC649}.Release|x86.ActiveCfg = Release|x64
		{F217C8EA-1EF8-38C5-9DFD-D5A95A9DC649}.RelWithDebInfo|x64.ActiveCfg = Release|x64
		{F217C8EA-1EF8-38C5-9DFD-D5A95A9DC649}.RelWithDebInfo|x64.Build.0 = Release|x64
		{F217C8EA-1EF8-38C5-9DFD-D5A95A9DC649}.RelWithDebInfo|x86.ActiveCfg = Release|x64
		{F217C8EA-1EF8-38C5-9DFD-D5A95A9DC649}.RelWithDebInfo|x86.Build.0 = Release|x64
		{C39F4B46-6E89-4074-902E-CA57073044D2}.Debug|x64.ActiveCfg = Debug|x64
		{C39F4B46-6E89-4074-902E-CA57073044D2}.Debug|x64.Build.0 = Debug|x64
		{C39F4B46-6E89-4074-902E-CA57073044D2}.Debug|x86.ActiveCfg = Debug|Win32
		{C39F4B46-6E89-4074-902E-CA57073044D2}.Debug|x86.Build.0 = Debug|Win32
		{C39F4B46-6E89-4074-902E-CA57073044D2}.Debug2|x64.ActiveCfg = Debug|x64
		{C39F4B46-6E89-4074-902E-CA57073044D2}.Debug2|x64.Build.0 = Debug|x64
		{C39F4B46-6E89-4074-902E-CA57073044D2}.Debug2|x86.ActiveCfg = Debug|Win32
		{C39F4B46-6E89-4074-902E-CA57073044D2}.Debug2|x86.Build.0 = Debug|Win32
		{C39F4B46-6E89-4074-902E-CA57073044D2}.DLL-Import Debug|x64.ActiveCfg = Debug|x64
		{C39F4B46-6E89-4074-902E-CA57073044D2}.DLL-Import Debug|x64.Build.0 = Debug|x64
		{C39F4B46-6E89-4074-902E-CA57073044D2}.DLL-Import Debug|x86.ActiveCfg = DLL-Import Debug|Win32
		{C39F4B46-6E89-4074-902E-CA57073044D2}.DLL-Import Debug|x86.Build.0 = DLL-Import Debug|Win32
		{C39F4B46-6E89-4074-902E-CA57073044D2}.DLL-Import Release|x64.ActiveCfg = Release|x64
		{C39F4B46-6E89-4074-902E-CA57073044D2}.DLL-Import Release|x64.Build.0 = Release|x64
		{C39F4B46-6E89-4074-902E-CA57073044D2}.DLL-Import Release|x86.ActiveCfg = DLL-Import Release|Win32
		{C39F4B46-6E89-4074-902E-CA57073044D2}.DLL-Import Release|x86.Build.0 = DLL-Import Release|Win32
		{C39F4B46-6E89-4074-902E-CA57073044D2}.MinSizeRel|x64.ActiveCfg = Release|x64
		{C39F4B46-6E89-4074-902E-CA57073044D2}.MinSizeRel|x64.Build.0 = Release|x64
		{C39F4B46-6E89-4074-902E-CA57073044D2}.MinSizeRel|x86.ActiveCfg = Release|Win32
		{C39F4B46-6E89-4074-902E-CA57073044D2}.MinSizeRel|x86.Build.0 = Release|Win32
		{C39F4B46-6E89-4074-902E-CA57073044D2}.Release|x64.ActiveCfg = Release|x64
		{C39F4B46-6E89-4074-902E-CA57073044D2}.Release|x64.Build.0 = Release|x64
		{C39F4B46-6E89-4074-902E-CA57073044D2}.Release|x86.ActiveCfg = Release|Win32
		{C39F4B46-6E89-4074-902E-CA57073044D2}.Release|x86.Build.0 = Release|Win32
		{C39F4B46-6E89-4074-902E-CA57073044D2}.RelWithDebInfo|x64.ActiveCfg = Release|x64
		{C39F4B46-6E89-4074-902E-CA57073044D2}.RelWithDebInfo|x64.Build.0 = Release|x64
		{C39F4B46-6E89-4074-902E-CA57073044D2}.RelWithDebInfo|x86.ActiveCfg = Release|Win32
		{C39F4B46-6E89-4074-902E-CA57073044D2}.RelWithDebInfo|x86.Build.0 = Release|Win32
		{25856D58-9DE7-3C00-9A23-3B19DE571863}.Debug|x64.ActiveCfg = Debug|x64
		{25856D58-9DE7-3C00-9A23-3B19DE571863}.Debug|x64.Build.0 = Debug|x64
		{25856D58-9DE7-3C00-9A23-3B19DE571863}.Debug|x86.ActiveCfg = Debug|x64
		{25856D58-9DE7-3C00-9A23-3B19DE571863}.Debug2|x64.ActiveCfg = Debug|x64
		{25856D58-9DE7-3C00-9A23-3B19DE571863}.Debug2|x64.Build.0 = Debug|x64
		{25856D58-9DE7-3C00-9A23-3B19DE571863}.Debug2|x86.ActiveCfg = Release|x64
		{25856D58-9DE7-3C00-9A23-3B19DE571863}.Debug2|x86.Build.0 = Release|x64
		{25856D58-9DE7-3C00-9A23-3B19DE571863}.DLL-Import Debug|x64.ActiveCfg = Debug|x64
		{25856D58-9DE7-3C00-9A23-3B19DE571863}.DLL-Import Debug|x64.Build.0 = Debug|x64
		{25856D58-9DE7-3C00-9A23-3B19DE571863}.DLL-Import Debug|x86.ActiveCfg = Release|x64
		{25856D58-9DE7-3C00-9A23-3B19DE571863}.DLL-Import Debug|x86.Build.0 = Release|x64
		{25856D58-9DE7-3C00-9A23-3B19DE571863}.DLL-Import Release|x64.ActiveCfg = Release|x64
		{25856D58-9DE7-3C00-9A23-3B19DE571863}.DLL-Import Release|x64.Build.0 = Release|x64
		{25856D58-9DE7-3C00-9A23-3B19DE571863}.DLL-Import Release|x86.ActiveCfg = Release|x64
		{25856D58-9DE7-3C00-9A23-3B19DE571863}.DLL-Import Release|x86.Build.0 = Release|x64
		{25856D58-9DE7-3C00-9A23-3B19DE571863}.MinSizeRel|x64.ActiveCfg = Release|x64
		{25856D58-9DE7-3C00-9A23-3B19DE571863}.MinSizeRel|x64.Build.0 = Release|x64
		{25856D58-9DE7-3C00-9A23-3B19DE571863}.MinSizeRel|x86.ActiveCfg = Release|x64
		{25856D58-9DE7-3C00-9A23-3B19DE571863}.MinSizeRel|x86.Build.0 = Release|x64
		{25856D58-9DE7-3C00-9A23-3B19DE571863}.Release|x64.ActiveCfg = Release|x64
		{25856D58-9DE7-3C00-9A23-3B19DE571863}.Release|x64.Build.0 = Release|x64
		{25856D58-9DE7-3C00-9A23-3B19DE571863}.Release|x86.ActiveCfg = Release|x64
		{25856D58-9DE7-3C00-9A23-3B19DE571863}.RelWithDebInfo|x64.ActiveCfg = Release|x64
		{25856D58-9DE7-3C00-9A23-3B19DE571863}.RelWithDebInfo|x64.Build.0 = Release|x64
		{25856D58-9DE7-3C00-9A23-3B19DE571863}.RelWithDebInfo|x86.ActiveCfg = Release|x64
		{25856D58-9DE7-3C00-9A23-3B19DE571863}.RelWithDebInfo|x86.Build.0 = Release|x64
		{A7578CF8-4702-37F3-B03A-401C87D0F7F6}.Debug|x64.ActiveCfg = Release|x64
		{A7578CF8-4702-37F3-B03A-401C87D0F7F6}.Debug|x64.Build.0 = Release|x64
		{A7578CF8-4702-37F3-B03A-401C87D0F7F6}.Debug|x86.ActiveCfg = Debug2|x64
		{A7578CF8-4702-37F3-B03A-401C87D0F7F6}.Debug|x86.Build.0 = Debug2|x64
		{A7578CF8-4702-37F3-B03A-401C87D0F7F6}.Debug2|x64.ActiveCfg = Debug2|x64
		{A7578CF8-4702-37F3-B03A-401C87D0F7F6}.Debug2|x64.Build.0 = Debug2|x64
		{A7578CF8-4702-37F3-B03A-401C87D0F7F6}.Debug2|x86.ActiveCfg = Debug2|x64
		{A7578CF8-4702-37F3-B03A-401C87D0F7F6}.DLL-Import Debug|x64.ActiveCfg = Release|x64
		{A7578CF8-4702-37F3-B03A-401C87D0F7F6}.DLL-Import Debug|x64.Build.0 = Release|x64
		{A7578CF8-4702-37F3-B03A-401C87D0F7F6}.DLL-Import Debug|x86.ActiveCfg = Debug2|x64
		{A7578CF8-4702-37F3-B03A-401C87D0F7F6}.DLL-Import Debug|x86.Build.0 = Debug2|x64
		{A7578CF8-4702-37F3-B03A-401C87D0F7F6}.DLL-Import Release|x64.ActiveCfg = Release|x64
		{A7578CF8-4702-37F3-B03A-401C87D0F7F6}.DLL-Import Release|x64.Build.0 = Release|x64
		{A7578CF8-4702-37F3-B03A-401C87D0F7F6}.DLL-Import Release|x86.ActiveCfg = Debug2|x64
		{A7578CF8-4702-37F3-B03A-401C87D0F7F6}.DLL-Import Release|x86.Build.0 = Debug2|x64
		{A7578CF8-4702-37F3-B03A-401C87D0F7F6}.MinSizeRel|x64.ActiveCfg = Release|x64
		{A7578CF8-4702-37F3-B03A-401C87D0F7F6}.MinSizeRel|x64.Build.0 = Release|x64
		{A7578CF8-4702-37F3-B03A-401C87D0F7F6}.MinSizeRel|x86.ActiveCfg = Debug2|x64
		{A7578CF8-4702-37F3-B03A-401C87D0F7F6}.MinSizeRel|x86.Build.0 = Debug2|x64
		{A7578CF8-4702-37F3-B03A-401C87D0F7F6}.Release|x64.ActiveCfg = Release|x64
		{A7578CF8-4702-37F3-B03A-401C87D0F7F6}.Release|x64.Build.0 = Release|x64
		{A7578CF8-4702-37F3-B03A-401C87D0F7F6}.Release|x86.ActiveCfg = Release|x64
		{A7578CF8-4702-37F3-B03A-401C87D0F7F6}.RelWithDebInfo|x64.ActiveCfg = Release|x64
		{A7578CF8-4702-37F3-B03A-401C87D0F7F6}.RelWithDebInfo|x64.Build.0 = Release|x64
		{A7578CF8-4702-37F3-B03A-401C87D0F7F6}.RelWithDebInfo|x86.ActiveCfg = Debug2|x64
		{A7578CF8-4702-37F3-B03A-401C87D0F7F6}.RelWithDebInfo|x86.Build.0 = Debug2|x64
	EndGlobalSection
	GlobalSection(SolutionProperties) = preSolution
		HideSolutionNode = FALSE
	EndGlobalSection
EndGlobal
